
Microsoft Visual Studio Solution File, Format Version 12.00
# Visual Studio 2012
Project("{FAE04EC0-301F-11D3-BF4B-00C04F79EFBC}") = "MITCRMApp", "MITCRMApp\MITCRMApp.csproj", "{41E0DD09-5EC6-4EBA-8180-1DCB22CFEA55}"
EndProject
Project("{FAE04EC0-301F-11D3-BF4B-00C04F79EFBC}") = "MITCRMApp.iOS", "iOS\MITCRMApp.iOS.csproj", "{C77FAF6F-7371-4502-B168-04D74117E343}"
EndProject
Project("{FAE04EC0-301F-11D3-BF4B-00C04F79EFBC}") = "MITCRMApp.Droid", "Droid\MITCRMApp.Droid.csproj", "{66A1E8B1-536A-4F45-A651-6E4CD0F785E2}"
EndProject
Global
	GlobalSection(SolutionConfigurationPlatforms) = preSolution
		Debug|Any CPU = Debug|Any CPU
		Release|Any CPU = Release|Any CPU
		Debug|iPhoneSimulator = Debug|iPhoneSimulator
		Release|iPhone = Release|iPhone
		Release|iPhoneSimulator = Release|iPhoneSimulator
		Debug|iPhone = Debug|iPhone
	EndGlobalSection
	GlobalSection(ProjectConfigurationPlatforms) = postSolution
		{41E0DD09-5EC6-4EBA-8180-1DCB22CFEA55}.Debug|Any CPU.ActiveCfg = Debug|Any CPU
		{41E0DD09-5EC6-4EBA-8180-1DCB22CFEA55}.Debug|Any CPU.Build.0 = Debug|Any CPU
		{41E0DD09-5EC6-4EBA-8180-1DCB22CFEA55}.Release|Any CPU.ActiveCfg = Release|Any CPU
		{41E0DD09-5EC6-4EBA-8180-1DCB22CFEA55}.Release|Any CPU.Build.0 = Release|Any CPU
		{41E0DD09-5EC6-4EBA-8180-1DCB22CFEA55}.Debug|iPhoneSimulator.ActiveCfg = Debug|Any CPU
		{41E0DD09-5EC6-4EBA-8180-1DCB22CFEA55}.Debug|iPhoneSimulator.Build.0 = Debug|Any CPU
		{41E0DD09-5EC6-4EBA-8180-1DCB22CFEA55}.Release|iPhone.ActiveCfg = Release|Any CPU
		{41E0DD09-5EC6-4EBA-8180-1DCB22CFEA55}.Release|iPhone.Build.0 = Release|Any CPU
		{41E0DD09-5EC6-4EBA-8180-1DCB22CFEA55}.Release|iPhoneSimulator.ActiveCfg = Release|Any CPU
		{41E0DD09-5EC6-4EBA-8180-1DCB22CFEA55}.Release|iPhoneSimulator.Build.0 = Release|Any CPU
		{41E0DD09-5EC6-4EBA-8180-1DCB22CFEA55}.Debug|iPhone.ActiveCfg = Debug|Any CPU
		{41E0DD09-5EC6-4EBA-8180-1DCB22CFEA55}.Debug|iPhone.Build.0 = Debug|Any CPU
		{C77FAF6F-7371-4502-B168-04D74117E343}.Debug|Any CPU.ActiveCfg = Debug|iPhoneSimulator
		{C77FAF6F-7371-4502-B168-04D74117E343}.Debug|Any CPU.Build.0 = Debug|iPhoneSimulator
		{C77FAF6F-7371-4502-B168-04D74117E343}.Release|Any CPU.ActiveCfg = Release|iPhone
		{C77FAF6F-7371-4502-B168-04D74117E343}.Release|Any CPU.Build.0 = Release|iPhone
		{C77FAF6F-7371-4502-B168-04D74117E343}.Debug|iPhoneSimulator.ActiveCfg = Debug|iPhoneSimulator
		{C77FAF6F-7371-4502-B168-04D74117E343}.Debug|iPhoneSimulator.Build.0 = Debug|iPhoneSimulator
		{C77FAF6F-7371-4502-B168-04D74117E343}.Release|iPhone.ActiveCfg = Release|iPhone
		{C77FAF6F-7371-4502-B168-04D74117E343}.Release|iPhone.Build.0 = Release|iPhone
		{C77FAF6F-7371-4502-B168-04D74117E343}.Release|iPhoneSimulator.ActiveCfg = Release|iPhoneSimulator
		{C77FAF6F-7371-4502-B168-04D74117E343}.Release|iPhoneSimulator.Build.0 = Release|iPhoneSimulator
		{C77FAF6F-7371-4502-B168-04D74117E343}.Debug|iPhone.ActiveCfg = Debug|iPhone
		{C77FAF6F-7371-4502-B168-04D74117E343}.Debug|iPhone.Build.0 = Debug|iPhone
		{66A1E8B1-536A-4F45-A651-6E4CD0F785E2}.Debug|Any CPU.ActiveCfg = Debug|Any CPU
		{66A1E8B1-536A-4F45-A651-6E4CD0F785E2}.Debug|Any CPU.Build.0 = Debug|Any CPU
		{66A1E8B1-536A-4F45-A651-6E4CD0F785E2}.Release|Any CPU.ActiveCfg = Release|Any CPU
		{66A1E8B1-536A-4F45-A651-6E4CD0F785E2}.Release|Any CPU.Build.0 = Release|Any CPU
		{66A1E8B1-536A-4F45-A651-6E4CD0F785E2}.Debug|iPhoneSimulator.ActiveCfg = Debug|Any CPU
		{66A1E8B1-536A-4F45-A651-6E4CD0F785E2}.Debug|iPhoneSimulator.Build.0 = Debug|Any CPU
		{66A1E8B1-536A-4F45-A651-6E4CD0F785E2}.Release|iPhone.ActiveCfg = Release|Any CPU
		{66A1E8B1-536A-4F45-A651-6E4CD0F785E2}.Release|iPhone.Build.0 = Release|Any CPU
		{66A1E8B1-536A-4F45-A651-6E4CD0F785E2}.Release|iPhoneSimulator.ActiveCfg = Release|Any CPU
		{66A1E8B1-536A-4F45-A651-6E4CD0F785E2}.Release|iPhoneSimulator.Build.0 = Release|Any CPU
		{66A1E8B1-536A-4F45-A651-6E4CD0F785E2}.Debug|iPhone.ActiveCfg = Debug|Any CPU
		{66A1E8B1-536A-4F45-A651-6E4CD0F785E2}.Debug|iPhone.Build.0 = Debug|Any CPU
	EndGlobalSection
EndGlobal
